// !$*UTF8*$!
{
	archiveVersion = 1;
	classes = {
	};
	objectVersion = 55;
	objects = {

/* Begin PBXBuildFile section */
		661720BD273C3EBB0095781E /* AnimatableData.swift in Sources */ = {isa = PBXBuildFile; fileRef = 661720BC273C3EBB0095781E /* AnimatableData.swift */; };
		6688D0E12741678B004DC3E0 /* CustomTabBarContainerView.swift in Sources */ = {isa = PBXBuildFile; fileRef = 6688D0E02741678B004DC3E0 /* CustomTabBarContainerView.swift */; };
		6688D0E327416924004DC3E0 /* CustomTabBarView.swift in Sources */ = {isa = PBXBuildFile; fileRef = 6688D0E227416924004DC3E0 /* CustomTabBarView.swift */; };
		6688D0E527417060004DC3E0 /* AppTabBarView.swift in Sources */ = {isa = PBXBuildFile; fileRef = 6688D0E427417060004DC3E0 /* AppTabBarView.swift */; };
		6688D0E72741714A004DC3E0 /* TabBarItemsPreferenceKey.swift in Sources */ = {isa = PBXBuildFile; fileRef = 6688D0E62741714A004DC3E0 /* TabBarItemsPreferenceKey.swift */; };
		6688D0EA27417B42004DC3E0 /* TabBarItem.swift in Sources */ = {isa = PBXBuildFile; fileRef = 6688D0E927417B42004DC3E0 /* TabBarItem.swift */; };
		66EE757F27395A6800CB6B7A /* PullupSignup.swift in Sources */ = {isa = PBXBuildFile; fileRef = 66EE757E27395A6800CB6B7A /* PullupSignup.swift */; };
		66EE75812739B9CC00CB6B7A /* MatchedGeometry.swift in Sources */ = {isa = PBXBuildFile; fileRef = 66EE75802739B9CC00CB6B7A /* MatchedGeometry.swift */; };
		F186CF432727D8A5009ECF52 /* HStackDynamicHeight.swift in Sources */ = {isa = PBXBuildFile; fileRef = F186CF422727D8A5009ECF52 /* HStackDynamicHeight.swift */; };
		F186CF452727F2CF009ECF52 /* README.md in Resources */ = {isa = PBXBuildFile; fileRef = F186CF442727F2CF009ECF52 /* README.md */; };
		F186CF4C27295704009ECF52 /* AnimatedButtonView.swift in Sources */ = {isa = PBXBuildFile; fileRef = F186CF4B27295704009ECF52 /* AnimatedButtonView.swift */; };
		F186CF4E2729584A009ECF52 /* AnimationTimingView.swift in Sources */ = {isa = PBXBuildFile; fileRef = F186CF4D2729584A009ECF52 /* AnimationTimingView.swift */; };
		F186CF5027296AD6009ECF52 /* TransitionView.swift in Sources */ = {isa = PBXBuildFile; fileRef = F186CF4F27296AD6009ECF52 /* TransitionView.swift */; };
		F1E6B5452722B2340094CACD /* swiftui_experimentsApp.swift in Sources */ = {isa = PBXBuildFile; fileRef = F1E6B5442722B2340094CACD /* swiftui_experimentsApp.swift */; };
		F1E6B5472722B2340094CACD /* HeartWithBadgeView.swift in Sources */ = {isa = PBXBuildFile; fileRef = F1E6B5462722B2340094CACD /* HeartWithBadgeView.swift */; };
		F1E6B5492722B2370094CACD /* Assets.xcassets in Resources */ = {isa = PBXBuildFile; fileRef = F1E6B5482722B2370094CACD /* Assets.xcassets */; };
		F1E6B54C2722B2370094CACD /* Preview Assets.xcassets in Resources */ = {isa = PBXBuildFile; fileRef = F1E6B54B2722B2370094CACD /* Preview Assets.xcassets */; };
		F1E6B5562722B2370094CACD /* swiftui_experimentsTests.swift in Sources */ = {isa = PBXBuildFile; fileRef = F1E6B5552722B2370094CACD /* swiftui_experimentsTests.swift */; };
		F1E6B5602722B2370094CACD /* swiftui_experimentsUITests.swift in Sources */ = {isa = PBXBuildFile; fileRef = F1E6B55F2722B2370094CACD /* swiftui_experimentsUITests.swift */; };
		F1E6B5622722B2370094CACD /* swiftui_experimentsUITestsLaunchTests.swift in Sources */ = {isa = PBXBuildFile; fileRef = F1E6B5612722B2370094CACD /* swiftui_experimentsUITestsLaunchTests.swift */; };
		F1E6B56F2722C2350094CACD /* TextCardView.swift in Sources */ = {isa = PBXBuildFile; fileRef = F1E6B56E2722C2350094CACD /* TextCardView.swift */; };
/* End PBXBuildFile section */

/* Begin PBXContainerItemProxy section */
		F1E6B5522722B2370094CACD /* PBXContainerItemProxy */ = {
			isa = PBXContainerItemProxy;
			containerPortal = F1E6B5392722B2340094CACD /* Project object */;
			proxyType = 1;
			remoteGlobalIDString = F1E6B5402722B2340094CACD;
			remoteInfo = "swiftui-experiments";
		};
		F1E6B55C2722B2370094CACD /* PBXContainerItemProxy */ = {
			isa = PBXContainerItemProxy;
			containerPortal = F1E6B5392722B2340094CACD /* Project object */;
			proxyType = 1;
			remoteGlobalIDString = F1E6B5402722B2340094CACD;
			remoteInfo = "swiftui-experiments";
		};
/* End PBXContainerItemProxy section */

/* Begin PBXFileReference section */
		661720BC273C3EBB0095781E /* AnimatableData.swift */ = {isa = PBXFileReference; lastKnownFileType = sourcecode.swift; path = AnimatableData.swift; sourceTree = "<group>"; };
		6688D0E02741678B004DC3E0 /* CustomTabBarContainerView.swift */ = {isa = PBXFileReference; lastKnownFileType = sourcecode.swift; path = CustomTabBarContainerView.swift; sourceTree = "<group>"; };
		6688D0E227416924004DC3E0 /* CustomTabBarView.swift */ = {isa = PBXFileReference; lastKnownFileType = sourcecode.swift; path = CustomTabBarView.swift; sourceTree = "<group>"; };
		6688D0E427417060004DC3E0 /* AppTabBarView.swift */ = {isa = PBXFileReference; lastKnownFileType = sourcecode.swift; path = AppTabBarView.swift; sourceTree = "<group>"; };
		6688D0E62741714A004DC3E0 /* TabBarItemsPreferenceKey.swift */ = {isa = PBXFileReference; lastKnownFileType = sourcecode.swift; path = TabBarItemsPreferenceKey.swift; sourceTree = "<group>"; };
		6688D0E927417B42004DC3E0 /* TabBarItem.swift */ = {isa = PBXFileReference; lastKnownFileType = sourcecode.swift; path = TabBarItem.swift; sourceTree = "<group>"; };
		66EE757E27395A6800CB6B7A /* PullupSignup.swift */ = {isa = PBXFileReference; lastKnownFileType = sourcecode.swift; path = PullupSignup.swift; sourceTree = "<group>"; };
		66EE75802739B9CC00CB6B7A /* MatchedGeometry.swift */ = {isa = PBXFileReference; lastKnownFileType = sourcecode.swift; path = MatchedGeometry.swift; sourceTree = "<group>"; };
		F186CF422727D8A5009ECF52 /* HStackDynamicHeight.swift */ = {isa = PBXFileReference; lastKnownFileType = sourcecode.swift; path = HStackDynamicHeight.swift; sourceTree = "<group>"; };
		F186CF442727F2CF009ECF52 /* README.md */ = {isa = PBXFileReference; fileEncoding = 4; lastKnownFileType = net.daringfireball.markdown; path = README.md; sourceTree = "<group>"; };
		F186CF4B27295704009ECF52 /* AnimatedButtonView.swift */ = {isa = PBXFileReference; lastKnownFileType = sourcecode.swift; path = AnimatedButtonView.swift; sourceTree = "<group>"; };
		F186CF4D2729584A009ECF52 /* AnimationTimingView.swift */ = {isa = PBXFileReference; lastKnownFileType = sourcecode.swift; path = AnimationTimingView.swift; sourceTree = "<group>"; };
		F186CF4F27296AD6009ECF52 /* TransitionView.swift */ = {isa = PBXFileReference; lastKnownFileType = sourcecode.swift; path = TransitionView.swift; sourceTree = "<group>"; };
		F1E6B5412722B2340094CACD /* swiftui-experiments.app */ = {isa = PBXFileReference; explicitFileType = wrapper.application; includeInIndex = 0; path = "swiftui-experiments.app"; sourceTree = BUILT_PRODUCTS_DIR; };
		F1E6B5442722B2340094CACD /* swiftui_experimentsApp.swift */ = {isa = PBXFileReference; lastKnownFileType = sourcecode.swift; path = swiftui_experimentsApp.swift; sourceTree = "<group>"; };
		F1E6B5462722B2340094CACD /* HeartWithBadgeView.swift */ = {isa = PBXFileReference; lastKnownFileType = sourcecode.swift; path = HeartWithBadgeView.swift; sourceTree = "<group>"; };
		F1E6B5482722B2370094CACD /* Assets.xcassets */ = {isa = PBXFileReference; lastKnownFileType = folder.assetcatalog; path = Assets.xcassets; sourceTree = "<group>"; };
		F1E6B54B2722B2370094CACD /* Preview Assets.xcassets */ = {isa = PBXFileReference; lastKnownFileType = folder.assetcatalog; path = "Preview Assets.xcassets"; sourceTree = "<group>"; };
		F1E6B5512722B2370094CACD /* swiftui-experimentsTests.xctest */ = {isa = PBXFileReference; explicitFileType = wrapper.cfbundle; includeInIndex = 0; path = "swiftui-experimentsTests.xctest"; sourceTree = BUILT_PRODUCTS_DIR; };
		F1E6B5552722B2370094CACD /* swiftui_experimentsTests.swift */ = {isa = PBXFileReference; lastKnownFileType = sourcecode.swift; path = swiftui_experimentsTests.swift; sourceTree = "<group>"; };
		F1E6B55B2722B2370094CACD /* swiftui-experimentsUITests.xctest */ = {isa = PBXFileReference; explicitFileType = wrapper.cfbundle; includeInIndex = 0; path = "swiftui-experimentsUITests.xctest"; sourceTree = BUILT_PRODUCTS_DIR; };
		F1E6B55F2722B2370094CACD /* swiftui_experimentsUITests.swift */ = {isa = PBXFileReference; lastKnownFileType = sourcecode.swift; path = swiftui_experimentsUITests.swift; sourceTree = "<group>"; };
		F1E6B5612722B2370094CACD /* swiftui_experimentsUITestsLaunchTests.swift */ = {isa = PBXFileReference; lastKnownFileType = sourcecode.swift; path = swiftui_experimentsUITestsLaunchTests.swift; sourceTree = "<group>"; };
		F1E6B56E2722C2350094CACD /* TextCardView.swift */ = {isa = PBXFileReference; lastKnownFileType = sourcecode.swift; path = TextCardView.swift; sourceTree = "<group>"; };
/* End PBXFileReference section */

/* Begin PBXFrameworksBuildPhase section */
		F1E6B53E2722B2340094CACD /* Frameworks */ = {
			isa = PBXFrameworksBuildPhase;
			buildActionMask = 2147483647;
			files = (
			);
			runOnlyForDeploymentPostprocessing = 0;
		};
		F1E6B54E2722B2370094CACD /* Frameworks */ = {
			isa = PBXFrameworksBuildPhase;
			buildActionMask = 2147483647;
			files = (
			);
			runOnlyForDeploymentPostprocessing = 0;
		};
		F1E6B5582722B2370094CACD /* Frameworks */ = {
			isa = PBXFrameworksBuildPhase;
			buildActionMask = 2147483647;
			files = (
			);
			runOnlyForDeploymentPostprocessing = 0;
		};
/* End PBXFrameworksBuildPhase section */

/* Begin PBXGroup section */
		6688D0E827417B23004DC3E0 /* CustomTabBar */ = {
			isa = PBXGroup;
			children = (
				6688D0E02741678B004DC3E0 /* CustomTabBarContainerView.swift */,
				6688D0E227416924004DC3E0 /* CustomTabBarView.swift */,
				6688D0E427417060004DC3E0 /* AppTabBarView.swift */,
				6688D0E62741714A004DC3E0 /* TabBarItemsPreferenceKey.swift */,
				6688D0E927417B42004DC3E0 /* TabBarItem.swift */,
			);
			path = CustomTabBar;
			sourceTree = "<group>";
		};
		F1E6B5382722B2340094CACD = {
			isa = PBXGroup;
			children = (
				F186CF442727F2CF009ECF52 /* README.md */,
				F1E6B5432722B2340094CACD /* swiftui-experiments */,
				F1E6B5542722B2370094CACD /* swiftui-experimentsTests */,
				F1E6B55E2722B2370094CACD /* swiftui-experimentsUITests */,
				F1E6B5422722B2340094CACD /* Products */,
			);
			sourceTree = "<group>";
		};
		F1E6B5422722B2340094CACD /* Products */ = {
			isa = PBXGroup;
			children = (
				F1E6B5412722B2340094CACD /* swiftui-experiments.app */,
				F1E6B5512722B2370094CACD /* swiftui-experimentsTests.xctest */,
				F1E6B55B2722B2370094CACD /* swiftui-experimentsUITests.xctest */,
			);
			name = Products;
			sourceTree = "<group>";
		};
		F1E6B5432722B2340094CACD /* swiftui-experiments */ = {
			isa = PBXGroup;
			children = (
				F1E6B5442722B2340094CACD /* swiftui_experimentsApp.swift */,
				F1E6B5462722B2340094CACD /* HeartWithBadgeView.swift */,
				F1E6B56E2722C2350094CACD /* TextCardView.swift */,
				F186CF422727D8A5009ECF52 /* HStackDynamicHeight.swift */,
				F186CF4B27295704009ECF52 /* AnimatedButtonView.swift */,
				F186CF4D2729584A009ECF52 /* AnimationTimingView.swift */,
				F186CF4F27296AD6009ECF52 /* TransitionView.swift */,
				F1E6B5482722B2370094CACD /* Assets.xcassets */,
				F1E6B54A2722B2370094CACD /* Preview Content */,
				66EE757E27395A6800CB6B7A /* PullupSignup.swift */,
				66EE75802739B9CC00CB6B7A /* MatchedGeometry.swift */,
				661720BC273C3EBB0095781E /* AnimatableData.swift */,
				6688D0E827417B23004DC3E0 /* CustomTabBar */,
			);
			path = "swiftui-experiments";
			sourceTree = "<group>";
		};
		F1E6B54A2722B2370094CACD /* Preview Content */ = {
			isa = PBXGroup;
			children = (
				F1E6B54B2722B2370094CACD /* Preview Assets.xcassets */,
			);
			path = "Preview Content";
			sourceTree = "<group>";
		};
		F1E6B5542722B2370094CACD /* swiftui-experimentsTests */ = {
			isa = PBXGroup;
			children = (
				F1E6B5552722B2370094CACD /* swiftui_experimentsTests.swift */,
			);
			path = "swiftui-experimentsTests";
			sourceTree = "<group>";
		};
		F1E6B55E2722B2370094CACD /* swiftui-experimentsUITests */ = {
			isa = PBXGroup;
			children = (
				F1E6B55F2722B2370094CACD /* swiftui_experimentsUITests.swift */,
				F1E6B5612722B2370094CACD /* swiftui_experimentsUITestsLaunchTests.swift */,
			);
			path = "swiftui-experimentsUITests";
			sourceTree = "<group>";
		};
/* End PBXGroup section */

/* Begin PBXNativeTarget section */
		F1E6B5402722B2340094CACD /* swiftui-experiments */ = {
			isa = PBXNativeTarget;
			buildConfigurationList = F1E6B5652722B2370094CACD /* Build configuration list for PBXNativeTarget "swiftui-experiments" */;
			buildPhases = (
				F1E6B53D2722B2340094CACD /* Sources */,
				F1E6B53E2722B2340094CACD /* Frameworks */,
				F1E6B53F2722B2340094CACD /* Resources */,
			);
			buildRules = (
			);
			dependencies = (
			);
			name = "swiftui-experiments";
			productName = "swiftui-experiments";
			productReference = F1E6B5412722B2340094CACD /* swiftui-experiments.app */;
			productType = "com.apple.product-type.application";
		};
		F1E6B5502722B2370094CACD /* swiftui-experimentsTests */ = {
			isa = PBXNativeTarget;
			buildConfigurationList = F1E6B5682722B2370094CACD /* Build configuration list for PBXNativeTarget "swiftui-experimentsTests" */;
			buildPhases = (
				F1E6B54D2722B2370094CACD /* Sources */,
				F1E6B54E2722B2370094CACD /* Frameworks */,
				F1E6B54F2722B2370094CACD /* Resources */,
			);
			buildRules = (
			);
			dependencies = (
				F1E6B5532722B2370094CACD /* PBXTargetDependency */,
			);
			name = "swiftui-experimentsTests";
			productName = "swiftui-experimentsTests";
			productReference = F1E6B5512722B2370094CACD /* swiftui-experimentsTests.xctest */;
			productType = "com.apple.product-type.bundle.unit-test";
		};
		F1E6B55A2722B2370094CACD /* swiftui-experimentsUITests */ = {
			isa = PBXNativeTarget;
			buildConfigurationList = F1E6B56B2722B2370094CACD /* Build configuration list for PBXNativeTarget "swiftui-experimentsUITests" */;
			buildPhases = (
				F1E6B5572722B2370094CACD /* Sources */,
				F1E6B5582722B2370094CACD /* Frameworks */,
				F1E6B5592722B2370094CACD /* Resources */,
			);
			buildRules = (
			);
			dependencies = (
				F1E6B55D2722B2370094CACD /* PBXTargetDependency */,
			);
			name = "swiftui-experimentsUITests";
			productName = "swiftui-experimentsUITests";
			productReference = F1E6B55B2722B2370094CACD /* swiftui-experimentsUITests.xctest */;
			productType = "com.apple.product-type.bundle.ui-testing";
		};
/* End PBXNativeTarget section */

/* Begin PBXProject section */
		F1E6B5392722B2340094CACD /* Project object */ = {
			isa = PBXProject;
			attributes = {
				BuildIndependentTargetsInParallel = 1;
				LastSwiftUpdateCheck = 1300;
				LastUpgradeCheck = 1300;
				TargetAttributes = {
					F1E6B5402722B2340094CACD = {
						CreatedOnToolsVersion = 13.0;
					};
					F1E6B5502722B2370094CACD = {
						CreatedOnToolsVersion = 13.0;
						TestTargetID = F1E6B5402722B2340094CACD;
					};
					F1E6B55A2722B2370094CACD = {
						CreatedOnToolsVersion = 13.0;
						TestTargetID = F1E6B5402722B2340094CACD;
					};
				};
			};
			buildConfigurationList = F1E6B53C2722B2340094CACD /* Build configuration list for PBXProject "swiftui-experiments" */;
			compatibilityVersion = "Xcode 13.0";
			developmentRegion = en;
			hasScannedForEncodings = 0;
			knownRegions = (
				en,
				Base,
			);
			mainGroup = F1E6B5382722B2340094CACD;
			productRefGroup = F1E6B5422722B2340094CACD /* Products */;
			projectDirPath = "";
			projectRoot = "";
			targets = (
				F1E6B5402722B2340094CACD /* swiftui-experiments */,
				F1E6B5502722B2370094CACD /* swiftui-experimentsTests */,
				F1E6B55A2722B2370094CACD /* swiftui-experimentsUITests */,
			);
		};
/* End PBXProject section */

/* Begin PBXResourcesBuildPhase section */
		F1E6B53F2722B2340094CACD /* Resources */ = {
			isa = PBXResourcesBuildPhase;
			buildActionMask = 2147483647;
			files = (
				F186CF452727F2CF009ECF52 /* README.md in Resources */,
				F1E6B54C2722B2370094CACD /* Preview Assets.xcassets in Resources */,
				F1E6B5492722B2370094CACD /* Assets.xcassets in Resources */,
			);
			runOnlyForDeploymentPostprocessing = 0;
		};
		F1E6B54F2722B2370094CACD /* Resources */ = {
			isa = PBXResourcesBuildPhase;
			buildActionMask = 2147483647;
			files = (
			);
			runOnlyForDeploymentPostprocessing = 0;
		};
		F1E6B5592722B2370094CACD /* Resources */ = {
			isa = PBXResourcesBuildPhase;
			buildActionMask = 2147483647;
			files = (
			);
			runOnlyForDeploymentPostprocessing = 0;
		};
/* End PBXResourcesBuildPhase section */

/* Begin PBXSourcesBuildPhase section */
		F1E6B53D2722B2340094CACD /* Sources */ = {
			isa = PBXSourcesBuildPhase;
			buildActionMask = 2147483647;
			files = (
				6688D0E527417060004DC3E0 /* AppTabBarView.swift in Sources */,
				F186CF4C27295704009ECF52 /* AnimatedButtonView.swift in Sources */,
				F186CF4E2729584A009ECF52 /* AnimationTimingView.swift in Sources */,
				6688D0E12741678B004DC3E0 /* CustomTabBarContainerView.swift in Sources */,
				6688D0E327416924004DC3E0 /* CustomTabBarView.swift in Sources */,
				F186CF432727D8A5009ECF52 /* HStackDynamicHeight.swift in Sources */,
				F186CF5027296AD6009ECF52 /* TransitionView.swift in Sources */,
				6688D0E72741714A004DC3E0 /* TabBarItemsPreferenceKey.swift in Sources */,
				F1E6B5472722B2340094CACD /* HeartWithBadgeView.swift in Sources */,
				66EE757F27395A6800CB6B7A /* PullupSignup.swift in Sources */,
				F1E6B5452722B2340094CACD /* swiftui_experimentsApp.swift in Sources */,
				F1E6B56F2722C2350094CACD /* TextCardView.swift in Sources */,
				6688D0EA27417B42004DC3E0 /* TabBarItem.swift in Sources */,
				66EE75812739B9CC00CB6B7A /* MatchedGeometry.swift in Sources */,
				661720BD273C3EBB0095781E /* AnimatableData.swift in Sources */,
			);
			runOnlyForDeploymentPostprocessing = 0;
		};
		F1E6B54D2722B2370094CACD /* Sources */ = {
			isa = PBXSourcesBuildPhase;
			buildActionMask = 2147483647;
			files = (
				F1E6B5562722B2370094CACD /* swiftui_experimentsTests.swift in Sources */,
			);
			runOnlyForDeploymentPostprocessing = 0;
		};
		F1E6B5572722B2370094CACD /* Sources */ = {
			isa = PBXSourcesBuildPhase;
			buildActionMask = 2147483647;
			files = (
				F1E6B5602722B2370094CACD /* swiftui_experimentsUITests.swift in Sources */,
				F1E6B5622722B2370094CACD /* swiftui_experimentsUITestsLaunchTests.swift in Sources */,
			);
			runOnlyForDeploymentPostprocessing = 0;
		};
/* End PBXSourcesBuildPhase section */

/* Begin PBXTargetDependency section */
		F1E6B5532722B2370094CACD /* PBXTargetDependency */ = {
			isa = PBXTargetDependency;
			target = F1E6B5402722B2340094CACD /* swiftui-experiments */;
			targetProxy = F1E6B5522722B2370094CACD /* PBXContainerItemProxy */;
		};
		F1E6B55D2722B2370094CACD /* PBXTargetDependency */ = {
			isa = PBXTargetDependency;
			target = F1E6B5402722B2340094CACD /* swiftui-experiments */;
			targetProxy = F1E6B55C2722B2370094CACD /* PBXContainerItemProxy */;
		};
/* End PBXTargetDependency section */

/* Begin XCBuildConfiguration section */
		F1E6B5632722B2370094CACD /* Debug */ = {
			isa = XCBuildConfiguration;
			buildSettings = {
				ALWAYS_SEARCH_USER_PATHS = NO;
				CLANG_ANALYZER_NONNULL = YES;
				CLANG_ANALYZER_NUMBER_OBJECT_CONVERSION = YES_AGGRESSIVE;
				CLANG_CXX_LANGUAGE_STANDARD = "gnu++17";
				CLANG_CXX_LIBRARY = "libc++";
				CLANG_ENABLE_MODULES = YES;
				CLANG_ENABLE_OBJC_ARC = YES;
				CLANG_ENABLE_OBJC_WEAK = YES;
				CLANG_WARN_BLOCK_CAPTURE_AUTORELEASING = YES;
				CLANG_WARN_BOOL_CONVERSION = YES;
				CLANG_WARN_COMMA = YES;
				CLANG_WARN_CONSTANT_CONVERSION = YES;
				CLANG_WARN_DEPRECATED_OBJC_IMPLEMENTATIONS = YES;
				CLANG_WARN_DIRECT_OBJC_ISA_USAGE = YES_ERROR;
				CLANG_WARN_DOCUMENTATION_COMMENTS = YES;
				CLANG_WARN_EMPTY_BODY = YES;
				CLANG_WARN_ENUM_CONVERSION = YES;
				CLANG_WARN_INFINITE_RECURSION = YES;
				CLANG_WARN_INT_CONVERSION = YES;
				CLANG_WARN_NON_LITERAL_NULL_CONVERSION = YES;
				CLANG_WARN_OBJC_IMPLICIT_RETAIN_SELF = YES;
				CLANG_WARN_OBJC_LITERAL_CONVERSION = YES;
				CLANG_WARN_OBJC_ROOT_CLASS = YES_ERROR;
				CLANG_WARN_QUOTED_INCLUDE_IN_FRAMEWORK_HEADER = YES;
				CLANG_WARN_RANGE_LOOP_ANALYSIS = YES;
				CLANG_WARN_STRICT_PROTOTYPES = YES;
				CLANG_WARN_SUSPICIOUS_MOVE = YES;
				CLANG_WARN_UNGUARDED_AVAILABILITY = YES_AGGRESSIVE;
				CLANG_WARN_UNREACHABLE_CODE = YES;
				CLANG_WARN__DUPLICATE_METHOD_MATCH = YES;
				COPY_PHASE_STRIP = NO;
				DEBUG_INFORMATION_FORMAT = dwarf;
				ENABLE_STRICT_OBJC_MSGSEND = YES;
				ENABLE_TESTABILITY = YES;
				GCC_C_LANGUAGE_STANDARD = gnu11;
				GCC_DYNAMIC_NO_PIC = NO;
				GCC_NO_COMMON_BLOCKS = YES;
				GCC_OPTIMIZATION_LEVEL = 0;
				GCC_PREPROCESSOR_DEFINITIONS = (
					"DEBUG=1",
					"$(inherited)",
				);
				GCC_WARN_64_TO_32_BIT_CONVERSION = YES;
				GCC_WARN_ABOUT_RETURN_TYPE = YES_ERROR;
				GCC_WARN_UNDECLARED_SELECTOR = YES;
				GCC_WARN_UNINITIALIZED_AUTOS = YES_AGGRESSIVE;
				GCC_WARN_UNUSED_FUNCTION = YES;
				GCC_WARN_UNUSED_VARIABLE = YES;
				IPHONEOS_DEPLOYMENT_TARGET = 15.0;
				MTL_ENABLE_DEBUG_INFO = INCLUDE_SOURCE;
				MTL_FAST_MATH = YES;
				ONLY_ACTIVE_ARCH = YES;
				SDKROOT = iphoneos;
				SWIFT_ACTIVE_COMPILATION_CONDITIONS = DEBUG;
				SWIFT_OPTIMIZATION_LEVEL = "-Onone";
			};
			name = Debug;
		};
		F1E6B5642722B2370094CACD /* Release */ = {
			isa = XCBuildConfiguration;
			buildSettings = {
				ALWAYS_SEARCH_USER_PATHS = NO;
				CLANG_ANALYZER_NONNULL = YES;
				CLANG_ANALYZER_NUMBER_OBJECT_CONVERSION = YES_AGGRESSIVE;
				CLANG_CXX_LANGUAGE_STANDARD = "gnu++17";
				CLANG_CXX_LIBRARY = "libc++";
				CLANG_ENABLE_MODULES = YES;
				CLANG_ENABLE_OBJC_ARC = YES;
				CLANG_ENABLE_OBJC_WEAK = YES;
				CLANG_WARN_BLOCK_CAPTURE_AUTORELEASING = YES;
				CLANG_WARN_BOOL_CONVERSION = YES;
				CLANG_WARN_COMMA = YES;
				CLANG_WARN_CONSTANT_CONVERSION = YES;
				CLANG_WARN_DEPRECATED_OBJC_IMPLEMENTATIONS = YES;
				CLANG_WARN_DIRECT_OBJC_ISA_USAGE = YES_ERROR;
				CLANG_WARN_DOCUMENTATION_COMMENTS = YES;
				CLANG_WARN_EMPTY_BODY = YES;
				CLANG_WARN_ENUM_CONVERSION = YES;
				CLANG_WARN_INFINITE_RECURSION = YES;
				CLANG_WARN_INT_CONVERSION = YES;
				CLANG_WARN_NON_LITERAL_NULL_CONVERSION = YES;
				CLANG_WARN_OBJC_IMPLICIT_RETAIN_SELF = YES;
				CLANG_WARN_OBJC_LITERAL_CONVERSION = YES;
				CLANG_WARN_OBJC_ROOT_CLASS = YES_ERROR;
				CLANG_WARN_QUOTED_INCLUDE_IN_FRAMEWORK_HEADER = YES;
				CLANG_WARN_RANGE_LOOP_ANALYSIS = YES;
				CLANG_WARN_STRICT_PROTOTYPES = YES;
				CLANG_WARN_SUSPICIOUS_MOVE = YES;
				CLANG_WARN_UNGUARDED_AVAILABILITY = YES_AGGRESSIVE;
				CLANG_WARN_UNREACHABLE_CODE = YES;
				CLANG_WARN__DUPLICATE_METHOD_MATCH = YES;
				COPY_PHASE_STRIP = NO;
				DEBUG_INFORMATION_FORMAT = "dwarf-with-dsym";
				ENABLE_NS_ASSERTIONS = NO;
				ENABLE_STRICT_OBJC_MSGSEND = YES;
				GCC_C_LANGUAGE_STANDARD = gnu11;
				GCC_NO_COMMON_BLOCKS = YES;
				GCC_WARN_64_TO_32_BIT_CONVERSION = YES;
				GCC_WARN_ABOUT_RETURN_TYPE = YES_ERROR;
				GCC_WARN_UNDECLARED_SELECTOR = YES;
				GCC_WARN_UNINITIALIZED_AUTOS = YES_AGGRESSIVE;
				GCC_WARN_UNUSED_FUNCTION = YES;
				GCC_WARN_UNUSED_VARIABLE = YES;
				IPHONEOS_DEPLOYMENT_TARGET = 15.0;
				MTL_ENABLE_DEBUG_INFO = NO;
				MTL_FAST_MATH = YES;
				SDKROOT = iphoneos;
				SWIFT_COMPILATION_MODE = wholemodule;
				SWIFT_OPTIMIZATION_LEVEL = "-O";
				VALIDATE_PRODUCT = YES;
			};
			name = Release;
		};
		F1E6B5662722B2370094CACD /* Debug */ = {
			isa = XCBuildConfiguration;
			buildSettings = {
				ASSETCATALOG_COMPILER_APPICON_NAME = AppIcon;
				ASSETCATALOG_COMPILER_GLOBAL_ACCENT_COLOR_NAME = AccentColor;
				CODE_SIGN_STYLE = Automatic;
				CURRENT_PROJECT_VERSION = 1;
				DEVELOPMENT_ASSET_PATHS = "\"swiftui-experiments/Preview Content\"";
				DEVELOPMENT_TEAM = 6JXQ48TPFG;
				ENABLE_PREVIEWS = YES;
				GENERATE_INFOPLIST_FILE = YES;
				INFOPLIST_KEY_UIApplicationSceneManifest_Generation = YES;
				INFOPLIST_KEY_UIApplicationSupportsIndirectInputEvents = YES;
				INFOPLIST_KEY_UILaunchScreen_Generation = YES;
				INFOPLIST_KEY_UISupportedInterfaceOrientations_iPad = "UIInterfaceOrientationPortrait UIInterfaceOrientationPortraitUpsideDown UIInterfaceOrientationLandscapeLeft UIInterfaceOrientationLandscapeRight";
				INFOPLIST_KEY_UISupportedInterfaceOrientations_iPhone = "UIInterfaceOrientationPortrait UIInterfaceOrientationLandscapeLeft UIInterfaceOrientationLandscapeRight";
				IPHONEOS_DEPLOYMENT_TARGET = 15.0;
				LD_RUNPATH_SEARCH_PATHS = (
					"$(inherited)",
					"@executable_path/Frameworks",
				);
				MARKETING_VERSION = 1.0;
				PRODUCT_BUNDLE_IDENTIFIER = "com.test.swiftui-experiments";
				PRODUCT_NAME = "$(TARGET_NAME)";
				SWIFT_EMIT_LOC_STRINGS = YES;
				SWIFT_VERSION = 5.0;
				TARGETED_DEVICE_FAMILY = "1,2";
			};
			name = Debug;
		};
		F1E6B5672722B2370094CACD /* Release */ = {
			isa = XCBuildConfiguration;
			buildSettings = {
				ASSETCATALOG_COMPILER_APPICON_NAME = AppIcon;
				ASSETCATALOG_COMPILER_GLOBAL_ACCENT_COLOR_NAME = AccentColor;
				CODE_SIGN_STYLE = Automatic;
				CURRENT_PROJECT_VERSION = 1;
				DEVELOPMENT_ASSET_PATHS = "\"swiftui-experiments/Preview Content\"";
				DEVELOPMENT_TEAM = 6JXQ48TPFG;
				ENABLE_PREVIEWS = YES;
				GENERATE_INFOPLIST_FILE = YES;
				INFOPLIST_KEY_UIApplicationSceneManifest_Generation = YES;
				INFOPLIST_KEY_UIApplicationSupportsIndirectInputEvents = YES;
				INFOPLIST_KEY_UILaunchScreen_Generation = YES;
				INFOPLIST_KEY_UISupportedInterfaceOrientations_iPad = "UIInterfaceOrientationPortrait UIInterfaceOrientationPortraitUpsideDown UIInterfaceOrientationLandscapeLeft UIInterfaceOrientationLandscapeRight";
				INFOPLIST_KEY_UISupportedInterfaceOrientations_iPhone = "UIInterfaceOrientationPortrait UIInterfaceOrientationLandscapeLeft UIInterfaceOrientationLandscapeRight";
				IPHONEOS_DEPLOYMENT_TARGET = 15.0;
				LD_RUNPATH_SEARCH_PATHS = (
					"$(inherited)",
					"@executable_path/Frameworks",
				);
				MARKETING_VERSION = 1.0;
				PRODUCT_BUNDLE_IDENTIFIER = "com.test.swiftui-experiments";
				PRODUCT_NAME = "$(TARGET_NAME)";
				SWIFT_EMIT_LOC_STRINGS = YES;
				SWIFT_VERSION = 5.0;
				TARGETED_DEVICE_FAMILY = "1,2";
			};
			name = Release;
		};
		F1E6B5692722B2370094CACD /* Debug */ = {
			isa = XCBuildConfiguration;
			buildSettings = {
				ALWAYS_EMBED_SWIFT_STANDARD_LIBRARIES = YES;
				BUNDLE_LOADER = "$(TEST_HOST)";
				CODE_SIGN_STYLE = Automatic;
				CURRENT_PROJECT_VERSION = 1;
				DEVELOPMENT_TEAM = 6JXQ48TPFG;
				GENERATE_INFOPLIST_FILE = YES;
				IPHONEOS_DEPLOYMENT_TARGET = 15.0;
				LD_RUNPATH_SEARCH_PATHS = (
					"$(inherited)",
					"@executable_path/Frameworks",
					"@loader_path/Frameworks",
				);
				MARKETING_VERSION = 1.0;
				PRODUCT_BUNDLE_IDENTIFIER = "com.test.swiftui-experimentsTests";
				PRODUCT_NAME = "$(TARGET_NAME)";
				SWIFT_EMIT_LOC_STRINGS = NO;
				SWIFT_VERSION = 5.0;
				TARGETED_DEVICE_FAMILY = "1,2";
				TEST_HOST = "$(BUILT_PRODUCTS_DIR)/swiftui-experiments.app/swiftui-experiments";
			};
			name = Debug;
		};
		F1E6B56A2722B2370094CACD /* Release */ = {
			isa = XCBuildConfiguration;
			buildSettings = {
				ALWAYS_EMBED_SWIFT_STANDARD_LIBRARIES = YES;
				BUNDLE_LOADER = "$(TEST_HOST)";
				CODE_SIGN_STYLE = Automatic;
				CURRENT_PROJECT_VERSION = 1;
				DEVELOPMENT_TEAM = 6JXQ48TPFG;
				GENERATE_INFOPLIST_FILE = YES;
				IPHONEOS_DEPLOYMENT_TARGET = 15.0;
				LD_RUNPATH_SEARCH_PATHS = (
					"$(inherited)",
					"@executable_path/Frameworks",
					"@loader_path/Frameworks",
				);
				MARKETING_VERSION = 1.0;
				PRODUCT_BUNDLE_IDENTIFIER = "com.test.swiftui-experimentsTests";
				PRODUCT_NAME = "$(TARGET_NAME)";
				SWIFT_EMIT_LOC_STRINGS = NO;
				SWIFT_VERSION = 5.0;
				TARGETED_DEVICE_FAMILY = "1,2";
				TEST_HOST = "$(BUILT_PRODUCTS_DIR)/swiftui-experiments.app/swiftui-experiments";
			};
			name = Release;
		};
		F1E6B56C2722B2370094CACD /* Debug */ = {
			isa = XCBuildConfiguration;
			buildSettings = {
				ALWAYS_EMBED_SWIFT_STANDARD_LIBRARIES = YES;
				CODE_SIGN_STYLE = Automatic;
				CURRENT_PROJECT_VERSION = 1;
				DEVELOPMENT_TEAM = 6JXQ48TPFG;
				GENERATE_INFOPLIST_FILE = YES;
				LD_RUNPATH_SEARCH_PATHS = (
					"$(inherited)",
					"@executable_path/Frameworks",
					"@loader_path/Frameworks",
				);
				MARKETING_VERSION = 1.0;
				PRODUCT_BUNDLE_IDENTIFIER = "com.test.swiftui-experimentsUITests";
				PRODUCT_NAME = "$(TARGET_NAME)";
				SWIFT_EMIT_LOC_STRINGS = NO;
				SWIFT_VERSION = 5.0;
				TARGETED_DEVICE_FAMILY = "1,2";
				TEST_TARGET_NAME = "swiftui-experiments";
			};
			name = Debug;
		};
		F1E6B56D2722B2370094CACD /* Release */ = {
			isa = XCBuildConfiguration;
			buildSettings = {
				ALWAYS_EMBED_SWIFT_STANDARD_LIBRARIES = YES;
				CODE_SIGN_STYLE = Automatic;
				CURRENT_PROJECT_VERSION = 1;
				DEVELOPMENT_TEAM = 6JXQ48TPFG;
				GENERATE_INFOPLIST_FILE = YES;
				LD_RUNPATH_SEARCH_PATHS = (
					"$(inherited)",
					"@executable_path/Frameworks",
					"@loader_path/Frameworks",
				);
				MARKETING_VERSION = 1.0;
				PRODUCT_BUNDLE_IDENTIFIER = "com.test.swiftui-experimentsUITests";
				PRODUCT_NAME = "$(TARGET_NAME)";
				SWIFT_EMIT_LOC_STRINGS = NO;
				SWIFT_VERSION = 5.0;
				TARGETED_DEVICE_FAMILY = "1,2";
				TEST_TARGET_NAME = "swiftui-experiments";
			};
			name = Release;
		};
/* End XCBuildConfiguration section */

/* Begin XCConfigurationList section */
		F1E6B53C2722B2340094CACD /* Build configuration list for PBXProject "swiftui-experiments" */ = {
			isa = XCConfigurationList;
			buildConfigurations = (
				F1E6B5632722B2370094CACD /* Debug */,
				F1E6B5642722B2370094CACD /* Release */,
			);
			defaultConfigurationIsVisible = 0;
			defaultConfigurationName = Release;
		};
		F1E6B5652722B2370094CACD /* Build configuration list for PBXNativeTarget "swiftui-experiments" */ = {
			isa = XCConfigurationList;
			buildConfigurations = (
				F1E6B5662722B2370094CACD /* Debug */,
				F1E6B5672722B2370094CACD /* Release */,
			);
			defaultConfigurationIsVisible = 0;
			defaultConfigurationName = Release;
		};
		F1E6B5682722B2370094CACD /* Build configuration list for PBXNativeTarget "swiftui-experimentsTests" */ = {
			isa = XCConfigurationList;
			buildConfigurations = (
				F1E6B5692722B2370094CACD /* Debug */,
				F1E6B56A2722B2370094CACD /* Release */,
			);
			defaultConfigurationIsVisible = 0;
			defaultConfigurationName = Release;
		};
		F1E6B56B2722B2370094CACD /* Build configuration list for PBXNativeTarget "swiftui-experimentsUITests" */ = {
			isa = XCConfigurationList;
			buildConfigurations = (
				F1E6B56C2722B2370094CACD /* Debug */,
				F1E6B56D2722B2370094CACD /* Release */,
			);
			defaultConfigurationIsVisible = 0;
			defaultConfigurationName = Release;
		};
/* End XCConfigurationList section */
	};
	rootObject = F1E6B5392722B2340094CACD /* Project object */;
}
